// !$*UTF8*$!
{
	archiveVersion = 1;
	classes = {
	};
	objectVersion = 50;
	objects = {

/* Begin PBXBuildFile section */
		B95C0BA825CAC9680054EE0D /* AppDelegate.swift in Sources */ = {isa = PBXBuildFile; fileRef = B95C0BA725CAC9680054EE0D /* AppDelegate.swift */; };
		B95C0BAA25CAC9680054EE0D /* SceneDelegate.swift in Sources */ = {isa = PBXBuildFile; fileRef = B95C0BA925CAC9680054EE0D /* SceneDelegate.swift */; };
		B95C0BAF25CAC9680054EE0D /* Main.storyboard in Resources */ = {isa = PBXBuildFile; fileRef = B95C0BAD25CAC9680054EE0D /* Main.storyboard */; };
		B95C0BB125CAC96A0054EE0D /* Assets.xcassets in Resources */ = {isa = PBXBuildFile; fileRef = B95C0BB025CAC96A0054EE0D /* Assets.xcassets */; };
		B95C0BB425CAC96A0054EE0D /* LaunchScreen.storyboard in Resources */ = {isa = PBXBuildFile; fileRef = B95C0BB225CAC96A0054EE0D /* LaunchScreen.storyboard */; };
		B95C0BC425CACAE90054EE0D /* TrackListTableViewController.swift in Sources */ = {isa = PBXBuildFile; fileRef = B95C0BC325CACAE90054EE0D /* TrackListTableViewController.swift */; };
		B95C0BC825CACB140054EE0D /* DetailViewController.swift in Sources */ = {isa = PBXBuildFile; fileRef = B95C0BC725CACB140054EE0D /* DetailViewController.swift */; };
		B95C0BCB25CAD16A0054EE0D /* Song.swift in Sources */ = {isa = PBXBuildFile; fileRef = B95C0BCA25CAD16A0054EE0D /* Song.swift */; };
		B95C0BCE25CAD2020054EE0D /* DataManager.swift in Sources */ = {isa = PBXBuildFile; fileRef = B95C0BCD25CAD2020054EE0D /* DataManager.swift */; };
/* End PBXBuildFile section */

/* Begin PBXFileReference section */
		B95C0BA425CAC9680054EE0D /* TrackList.app */ = {isa = PBXFileReference; explicitFileType = wrapper.application; includeInIndex = 0; path = TrackList.app; sourceTree = BUILT_PRODUCTS_DIR; };
		B95C0BA725CAC9680054EE0D /* AppDelegate.swift */ = {isa = PBXFileReference; lastKnownFileType = sourcecode.swift; path = AppDelegate.swift; sourceTree = "<group>"; };
		B95C0BA925CAC9680054EE0D /* SceneDelegate.swift */ = {isa = PBXFileReference; lastKnownFileType = sourcecode.swift; path = SceneDelegate.swift; sourceTree = "<group>"; };
		B95C0BAE25CAC9680054EE0D /* Base */ = {isa = PBXFileReference; lastKnownFileType = file.storyboard; name = Base; path = Base.lproj/Main.storyboard; sourceTree = "<group>"; };
		B95C0BB025CAC96A0054EE0D /* Assets.xcassets */ = {isa = PBXFileReference; lastKnownFileType = folder.assetcatalog; path = Assets.xcassets; sourceTree = "<group>"; };
		B95C0BB325CAC96A0054EE0D /* Base */ = {isa = PBXFileReference; lastKnownFileType = file.storyboard; name = Base; path = Base.lproj/LaunchScreen.storyboard; sourceTree = "<group>"; };
		B95C0BB525CAC96A0054EE0D /* Info.plist */ = {isa = PBXFileReference; lastKnownFileType = text.plist.xml; path = Info.plist; sourceTree = "<group>"; };
		B95C0BC325CACAE90054EE0D /* TrackListTableViewController.swift */ = {isa = PBXFileReference; lastKnownFileType = sourcecode.swift; path = TrackListTableViewController.swift; sourceTree = "<group>"; };
		B95C0BC725CACB140054EE0D /* DetailViewController.swift */ = {isa = PBXFileReference; lastKnownFileType = sourcecode.swift; path = DetailViewController.swift; sourceTree = "<group>"; };
		B95C0BCA25CAD16A0054EE0D /* Song.swift */ = {isa = PBXFileReference; lastKnownFileType = sourcecode.swift; path = Song.swift; sourceTree = "<group>"; };
		B95C0BCD25CAD2020054EE0D /* DataManager.swift */ = {isa = PBXFileReference; lastKnownFileType = sourcecode.swift; path = DataManager.swift; sourceTree = "<group>"; };
/* End PBXFileReference section */

/* Begin PBXFrameworksBuildPhase section */
		B95C0BA125CAC9680054EE0D /* Frameworks */ = {
			isa = PBXFrameworksBuildPhase;
			buildActionMask = 2147483647;
			files = (
			);
			runOnlyForDeploymentPostprocessing = 0;
		};
/* End PBXFrameworksBuildPhase section */

/* Begin PBXGroup section */
		B95C0B9B25CAC9680054EE0D = {
			isa = PBXGroup;
			children = (
				B95C0BA625CAC9680054EE0D /* TrackList */,
				B95C0BA525CAC9680054EE0D /* Products */,
			);
			sourceTree = "<group>";
		};
		B95C0BA525CAC9680054EE0D /* Products */ = {
			isa = PBXGroup;
			children = (
				B95C0BA425CAC9680054EE0D /* TrackList.app */,
			);
			name = Products;
			sourceTree = "<group>";
		};
		B95C0BA625CAC9680054EE0D /* TrackList */ = {
			isa = PBXGroup;
			children = (
				B95C0BBC25CAC9A80054EE0D /* Delegate */,
				B95C0BC225CACA350054EE0D /* ModelManager */,
				B95C0BC125CACA190054EE0D /* Model */,
				B95C0BBF25CAC9F40054EE0D /* View */,
				B95C0BC025CACA060054EE0D /* Controllers */,
				B95C0BB025CAC96A0054EE0D /* Assets.xcassets */,
				B95C0BB525CAC96A0054EE0D /* Info.plist */,
			);
			path = TrackList;
			sourceTree = "<group>";
		};
		B95C0BBC25CAC9A80054EE0D /* Delegate */ = {
			isa = PBXGroup;
			children = (
				B95C0BA725CAC9680054EE0D /* AppDelegate.swift */,
				B95C0BA925CAC9680054EE0D /* SceneDelegate.swift */,
			);
			path = Delegate;
			sourceTree = "<group>";
		};
		B95C0BBF25CAC9F40054EE0D /* View */ = {
			isa = PBXGroup;
			children = (
				B95C0BAD25CAC9680054EE0D /* Main.storyboard */,
				B95C0BB225CAC96A0054EE0D /* LaunchScreen.storyboard */,
			);
			path = View;
			sourceTree = "<group>";
		};
		B95C0BC025CACA060054EE0D /* Controllers */ = {
			isa = PBXGroup;
			children = (
				B95C0BC325CACAE90054EE0D /* TrackListTableViewController.swift */,
				B95C0BC725CACB140054EE0D /* DetailViewController.swift */,
			);
			path = Controllers;
			sourceTree = "<group>";
		};
		B95C0BC125CACA190054EE0D /* Model */ = {
			isa = PBXGroup;
			children = (
				B95C0BCA25CAD16A0054EE0D /* Song.swift */,
			);
			path = Model;
			sourceTree = "<group>";
		};
		B95C0BC225CACA350054EE0D /* ModelManager */ = {
			isa = PBXGroup;
			children = (
				B95C0BCD25CAD2020054EE0D /* DataManager.swift */,
			);
			path = ModelManager;
			sourceTree = "<group>";
		};
/* End PBXGroup section */

/* Begin PBXNativeTarget section */
		B95C0BA325CAC9680054EE0D /* TrackList */ = {
			isa = PBXNativeTarget;
			buildConfigurationList = B95C0BB825CAC96A0054EE0D /* Build configuration list for PBXNativeTarget "TrackList" */;
			buildPhases = (
				B95C0BA025CAC9680054EE0D /* Sources */,
				B95C0BA125CAC9680054EE0D /* Frameworks */,
				B95C0BA225CAC9680054EE0D /* Resources */,
			);
			buildRules = (
			);
			dependencies = (
			);
			name = TrackList;
			productName = TrackList;
			productReference = B95C0BA425CAC9680054EE0D /* TrackList.app */;
			productType = "com.apple.product-type.application";
		};
/* End PBXNativeTarget section */

/* Begin PBXProject section */
		B95C0B9C25CAC9680054EE0D /* Project object */ = {
			isa = PBXProject;
			attributes = {
				LastSwiftUpdateCheck = 1240;
				LastUpgradeCheck = 1240;
				TargetAttributes = {
					B95C0BA325CAC9680054EE0D = {
						CreatedOnToolsVersion = 12.4;
					};
				};
			};
			buildConfigurationList = B95C0B9F25CAC9680054EE0D /* Build configuration list for PBXProject "TrackList" */;
			compatibilityVersion = "Xcode 9.3";
			developmentRegion = en;
			hasScannedForEncodings = 0;
			knownRegions = (
				en,
				Base,
			);
			mainGroup = B95C0B9B25CAC9680054EE0D;
			productRefGroup = B95C0BA525CAC9680054EE0D /* Products */;
			projectDirPath = "";
			projectRoot = "";
			targets = (
				B95C0BA325CAC9680054EE0D /* TrackList */,
			);
		};
/* End PBXProject section */

/* Begin PBXResourcesBuildPhase section */
		B95C0BA225CAC9680054EE0D /* Resources */ = {
			isa = PBXResourcesBuildPhase;
			buildActionMask = 2147483647;
			files = (
				B95C0BB425CAC96A0054EE0D /* LaunchScreen.storyboard in Resources */,
				B95C0BB125CAC96A0054EE0D /* Assets.xcassets in Resources */,
				B95C0BAF25CAC9680054EE0D /* Main.storyboard in Resources */,
			);
			runOnlyForDeploymentPostprocessing = 0;
		};
/* End PBXResourcesBuildPhase section */

/* Begin PBXSourcesBuildPhase section */
		B95C0BA025CAC9680054EE0D /* Sources */ = {
			isa = PBXSourcesBuildPhase;
			buildActionMask = 2147483647;
			files = (
				B95C0BA825CAC9680054EE0D /* AppDelegate.swift in Sources */,
				B95C0BCE25CAD2020054EE0D /* DataManager.swift in Sources */,
				B95C0BAA25CAC9680054EE0D /* SceneDelegate.swift in Sources */,
				B95C0BC425CACAE90054EE0D /* TrackListTableViewController.swift in Sources */,
				B95C0BC825CACB140054EE0D /* DetailViewController.swift in Sources */,
				B95C0BCB25CAD16A0054EE0D /* Song.swift in Sources */,
			);
			runOnlyForDeploymentPostprocessing = 0;
		};
/* End PBXSourcesBuildPhase section */

/* Begin PBXVariantGroup section */
		B95C0BAD25CAC9680054EE0D /* Main.storyboard */ = {
			isa = PBXVariantGroup;
			children = (
				B95C0BAE25CAC9680054EE0D /* Base */,
			);
			name = Main.storyboard;
			sourceTree = "<group>";
		};
		B95C0BB225CAC96A0054EE0D /* LaunchScreen.storyboard */ = {
			isa = PBXVariantGroup;
			children = (
				B95C0BB325CAC96A0054EE0D /* Base */,
			);
			name = LaunchScreen.storyboard;
			sourceTree = "<group>";
		};
/* End PBXVariantGroup section */

/* Begin XCBuildConfiguration section */
		B95C0BB625CAC96A0054EE0D /* Debug */ = {
			isa = XCBuildConfiguration;
			buildSettings = {
				ALWAYS_SEARCH_USER_PATHS = NO;
				CLANG_ANALYZER_NONNULL = YES;
				CLANG_ANALYZER_NUMBER_OBJECT_CONVERSION = YES_AGGRESSIVE;
				CLANG_CXX_LANGUAGE_STANDARD = "gnu++14";
				CLANG_CXX_LIBRARY = "libc++";
				CLANG_ENABLE_MODULES = YES;
				CLANG_ENABLE_OBJC_ARC = YES;
				CLANG_ENABLE_OBJC_WEAK = YES;
				CLANG_WARN_BLOCK_CAPTURE_AUTORELEASING = YES;
				CLANG_WARN_BOOL_CONVERSION = YES;
				CLANG_WARN_COMMA = YES;
				CLANG_WARN_CONSTANT_CONVERSION = YES;
				CLANG_WARN_DEPRECATED_OBJC_IMPLEMENTATIONS = YES;
				CLANG_WARN_DIRECT_OBJC_ISA_USAGE = YES_ERROR;
				CLANG_WARN_DOCUMENTATION_COMMENTS = YES;
				CLANG_WARN_EMPTY_BODY = YES;
				CLANG_WARN_ENUM_CONVERSION = YES;
				CLANG_WARN_INFINITE_RECURSION = YES;
				CLANG_WARN_INT_CONVERSION = YES;
				CLANG_WARN_NON_LITERAL_NULL_CONVERSION = YES;
				CLANG_WARN_OBJC_IMPLICIT_RETAIN_SELF = YES;
				CLANG_WARN_OBJC_LITERAL_CONVERSION = YES;
				CLANG_WARN_OBJC_ROOT_CLASS = YES_ERROR;
				CLANG_WARN_QUOTED_INCLUDE_IN_FRAMEWORK_HEADER = YES;
				CLANG_WARN_RANGE_LOOP_ANALYSIS = YES;
				CLANG_WARN_STRICT_PROTOTYPES = YES;
				CLANG_WARN_SUSPICIOUS_MOVE = YES;
				CLANG_WARN_UNGUARDED_AVAILABILITY = YES_AGGRESSIVE;
				CLANG_WARN_UNREACHABLE_CODE = YES;
				CLANG_WARN__DUPLICATE_METHOD_MATCH = YES;
				COPY_PHASE_STRIP = NO;
				DEBUG_INFORMATION_FORMAT = dwarf;
				ENABLE_STRICT_OBJC_MSGSEND = YES;
				ENABLE_TESTABILITY = YES;
				GCC_C_LANGUAGE_STANDARD = gnu11;
				GCC_DYNAMIC_NO_PIC = NO;
				GCC_NO_COMMON_BLOCKS = YES;
				GCC_OPTIMIZATION_LEVEL = 0;
				GCC_PREPROCESSOR_DEFINITIONS = (
					"DEBUG=1",
					"$(inherited)",
				);
				GCC_WARN_64_TO_32_BIT_CONVERSION = YES;
				GCC_WARN_ABOUT_RETURN_TYPE = YES_ERROR;
				GCC_WARN_UNDECLARED_SELECTOR = YES;
				GCC_WARN_UNINITIALIZED_AUTOS = YES_AGGRESSIVE;
				GCC_WARN_UNUSED_FUNCTION = YES;
				GCC_WARN_UNUSED_VARIABLE = YES;
				IPHONEOS_DEPLOYMENT_TARGET = 14.4;
				MTL_ENABLE_DEBUG_INFO = INCLUDE_SOURCE;
				MTL_FAST_MATH = YES;
				ONLY_ACTIVE_ARCH = YES;
				SDKROOT = iphoneos;
				SWIFT_ACTIVE_COMPILATION_CONDITIONS = DEBUG;
				SWIFT_OPTIMIZATION_LEVEL = "-Onone";
			};
			name = Debug;
		};
		B95C0BB725CAC96A0054EE0D /* Release */ = {
			isa = XCBuildConfiguration;
			buildSettings = {
				ALWAYS_SEARCH_USER_PATHS = NO;
				CLANG_ANALYZER_NONNULL = YES;
				CLANG_ANALYZER_NUMBER_OBJECT_CONVERSION = YES_AGGRESSIVE;
				CLANG_CXX_LANGUAGE_STANDARD = "gnu++14";
				CLANG_CXX_LIBRARY = "libc++";
				CLANG_ENABLE_MODULES = YES;
				CLANG_ENABLE_OBJC_ARC = YES;
				CLANG_ENABLE_OBJC_WEAK = YES;
				CLANG_WARN_BLOCK_CAPTURE_AUTORELEASING = YES;
				CLANG_WARN_BOOL_CONVERSION = YES;
				CLANG_WARN_COMMA = YES;
				CLANG_WARN_CONSTANT_CONVERSION = YES;
				CLANG_WARN_DEPRECATED_OBJC_IMPLEMENTATIONS = YES;
				CLANG_WARN_DIRECT_OBJC_ISA_USAGE = YES_ERROR;
				CLANG_WARN_DOCUMENTATION_COMMENTS = YES;
				CLANG_WARN_EMPTY_BODY = YES;
				CLANG_WARN_ENUM_CONVERSION = YES;
				CLANG_WARN_INFINITE_RECURSION = YES;
				CLANG_WARN_INT_CONVERSION = YES;
				CLANG_WARN_NON_LITERAL_NULL_CONVERSION = YES;
				CLANG_WARN_OBJC_IMPLICIT_RETAIN_SELF = YES;
				CLANG_WARN_OBJC_LITERAL_CONVERSION = YES;
				CLANG_WARN_OBJC_ROOT_CLASS = YES_ERROR;
				CLANG_WARN_QUOTED_INCLUDE_IN_FRAMEWORK_HEADER = YES;
				CLANG_WARN_RANGE_LOOP_ANALYSIS = YES;
				CLANG_WARN_STRICT_PROTOTYPES = YES;
				CLANG_WARN_SUSPICIOUS_MOVE = YES;
				CLANG_WARN_UNGUARDED_AVAILABILITY = YES_AGGRESSIVE;
				CLANG_WARN_UNREACHABLE_CODE = YES;
				CLANG_WARN__DUPLICATE_METHOD_MATCH = YES;
				COPY_PHASE_STRIP = NO;
				DEBUG_INFORMATION_FORMAT = "dwarf-with-dsym";
				ENABLE_NS_ASSERTIONS = NO;
				ENABLE_STRICT_OBJC_MSGSEND = YES;
				GCC_C_LANGUAGE_STANDARD = gnu11;
				GCC_NO_COMMON_BLOCKS = YES;
				GCC_WARN_64_TO_32_BIT_CONVERSION = YES;
				GCC_WARN_ABOUT_RETURN_TYPE = YES_ERROR;
				GCC_WARN_UNDECLARED_SELECTOR = YES;
				GCC_WARN_UNINITIALIZED_AUTOS = YES_AGGRESSIVE;
				GCC_WARN_UNUSED_FUNCTION = YES;
				GCC_WARN_UNUSED_VARIABLE = YES;
				IPHONEOS_DEPLOYMENT_TARGET = 14.4;
				MTL_ENABLE_DEBUG_INFO = NO;
				MTL_FAST_MATH = YES;
				SDKROOT = iphoneos;
				SWIFT_COMPILATION_MODE = wholemodule;
				SWIFT_OPTIMIZATION_LEVEL = "-O";
				VALIDATE_PRODUCT = YES;
			};
			name = Release;
		};
		B95C0BB925CAC96A0054EE0D /* Debug */ = {
			isa = XCBuildConfiguration;
			buildSettings = {
				ASSETCATALOG_COMPILER_APPICON_NAME = AppIcon;
				ASSETCATALOG_COMPILER_GLOBAL_ACCENT_COLOR_NAME = AccentColor;
				CODE_SIGN_STYLE = Automatic;
				DEVELOPMENT_TEAM = QU577HR376;
				INFOPLIST_FILE = TrackList/Info.plist;
				LD_RUNPATH_SEARCH_PATHS = (
					"$(inherited)",
					"@executable_path/Frameworks",
				);
				PRODUCT_BUNDLE_IDENTIFIER = lv.accenture.bootcamp.TrackList;
				PRODUCT_NAME = "$(TARGET_NAME)";
				SWIFT_VERSION = 5.0;
				TARGETED_DEVICE_FAMILY = "1,2";
			};
			name = Debug;
		};
		B95C0BBA25CAC96A0054EE0D /* Release */ = {
			isa = XCBuildConfiguration;
			buildSettings = {
				ASSETCATALOG_COMPILER_APPICON_NAME = AppIcon;
				ASSETCATALOG_COMPILER_GLOBAL_ACCENT_COLOR_NAME = AccentColor;
				CODE_SIGN_STYLE = Automatic;
				DEVELOPMENT_TEAM = QU577HR376;
				INFOPLIST_FILE = TrackList/Info.plist;
				LD_RUNPATH_SEARCH_PATHS = (
					"$(inherited)",
					"@executable_path/Frameworks",
				);
				PRODUCT_BUNDLE_IDENTIFIER = lv.accenture.bootcamp.TrackList;
				PRODUCT_NAME = "$(TARGET_NAME)";
				SWIFT_VERSION = 5.0;
				TARGETED_DEVICE_FAMILY = "1,2";
			};
			name = Release;
		};
/* End XCBuildConfiguration section */

/* Begin XCConfigurationList section */
		B95C0B9F25CAC9680054EE0D /* Build configuration list for PBXProject "TrackList" */ = {
			isa = XCConfigurationList;
			buildConfigurations = (
				B95C0BB625CAC96A0054EE0D /* Debug */,
				B95C0BB725CAC96A0054EE0D /* Release */,
			);
			defaultConfigurationIsVisible = 0;
			defaultConfigurationName = Release;
		};
		B95C0BB825CAC96A0054EE0D /* Build configuration list for PBXNativeTarget "TrackList" */ = {
			isa = XCConfigurationList;
			buildConfigurations = (
				B95C0BB925CAC96A0054EE0D /* Debug */,
				B95C0BBA25CAC96A0054EE0D /* Release */,
			);
			defaultConfigurationIsVisible = 0;
			defaultConfigurationName = Release;
		};
/* End XCConfigurationList section */
	};
	rootObject = B95C0B9C25CAC9680054EE0D /* Project object */;
}
